{
  "name": "lec3-continue",
  "version": "1.0.1",
  "lockfileVersion": 3,
  "requires": true,
  "packages": {
    "": {
      "name": "lec3-continue",
      "version": "1.0.1",
      "license": "ISC",
      "dependencies": {
        "lec3-gaurish29": "^1.0.3"
      }
    },
    "node_modules/lec3-gaurish29": {
      "version": "1.0.3",
      "resolved": "https://registry.npmjs.org/lec3-gaurish29/-/lec3-gaurish29-1.0.3.tgz",
      "integrity": "sha512-Htqkj70cAWh+GEam9UEVTeuN+WCtoVd/xsCze2GXNBI7FGAeloAdrBB6XTAXD1cwYfasfrvjfZVsZ6qS6mB+8w==",
      "license": "ISC"
    }
  }
}
